
Microsoft Visual Studio Solution File, Format Version 12.00
# Visual Studio 2012
Project("{FAE04EC0-301F-11D3-BF4B-00C04F79EFBC}") = "Kiran_Paturi_Angular_Project", "Kiran_Paturi_Angular_Project\Kiran_Paturi_Angular_Project.csproj", "{F91A8B28-9338-4430-864D-B5D6D57FE2CE}"
EndProject
Global
	GlobalSection(SolutionConfigurationPlatforms) = preSolution
		Debug|Any CPU = Debug|Any CPU
		Release|Any CPU = Release|Any CPU
	EndGlobalSection
	GlobalSection(ProjectConfigurationPlatforms) = postSolution
		{F91A8B28-9338-4430-864D-B5D6D57FE2CE}.Debug|Any CPU.ActiveCfg = Debug|Any CPU
		{F91A8B28-9338-4430-864D-B5D6D57FE2CE}.Debug|Any CPU.Build.0 = Debug|Any CPU
		{F91A8B28-9338-4430-864D-B5D6D57FE2CE}.Release|Any CPU.ActiveCfg = Release|Any CPU
		{F91A8B28-9338-4430-864D-B5D6D57FE2CE}.Release|Any CPU.Build.0 = Release|Any CPU
	EndGlobalSection
	GlobalSection(SolutionProperties) = preSolution
		HideSolutionNode = FALSE
	EndGlobalSection
EndGlobal
